
Microsoft Visual Studio Solution File, Format Version 12.00
# Visual Studio Version 17
VisualStudioVersion = 17.14.36221.1 d17.14
MinimumVisualStudioVersion = 10.0.40219.1
Project("{FAE04EC0-301F-11D3-BF4B-00C04F79EFBC}") = "he dieu hanh", "he dieu hanh.csproj", "{3F0C038B-7449-4919-9481-AC96DF78F1EC}"
EndProject
Global
	GlobalSection(SolutionConfigurationPlatforms) = preSolution
		Debug|Any CPU = Debug|Any CPU
		Release|Any CPU = Release|Any CPU
	EndGlobalSection
	GlobalSection(ProjectConfigurationPlatforms) = postSolution
		{3F0C038B-7449-4919-9481-AC96DF78F1EC}.Debug|Any CPU.ActiveCfg = Debug|Any CPU
		{3F0C038B-7449-4919-9481-AC96DF78F1EC}.Debug|Any CPU.Build.0 = Debug|Any CPU
		{3F0C038B-7449-4919-9481-AC96DF78F1EC}.Release|Any CPU.ActiveCfg = Release|Any CPU
		{3F0C038B-7449-4919-9481-AC96DF78F1EC}.Release|Any CPU.Build.0 = Release|Any CPU
	EndGlobalSection
	GlobalSection(SolutionProperties) = preSolution
		HideSolutionNode = FALSE
	EndGlobalSection
	GlobalSection(ExtensibilityGlobals) = postSolution
		SolutionGuid = {47EA6E23-E5C0-4F72-A1FD-7A60FC2CAA83}
	EndGlobalSection
EndGlobal
